// !$*UTF8*$!
{
	archiveVersion = 1;
	classes = {
	};
	objectVersion = 63;
	objects = {

/* Begin PBXBuildFile section */
		0D9073C12DE0502D00ADA49E /* CallDirectoryHandler.appex in Embed Foundation Extensions */ = {isa = PBXBuildFile; fileRef = 0D9073BA2DE0502D00ADA49E /* CallDirectoryHandler.appex */; settings = {ATTRIBUTES = (RemoveHeadersOnCopy, ); }; };
		0D9073CA2DE0503A00ADA49E /* CallDirectoryHandler.swift in Sources */ = {isa = PBXBuildFile; fileRef = 0D9073C72DE0503A00ADA49E /* CallDirectoryHandler.swift */; };
		AB0E935B2E0525CD00DE4AD4 /* ViewController.swift in Sources */ = {isa = PBXBuildFile; fileRef = AB0E93592E05253900DE4AD4 /* ViewController.swift */; };
		AB0E935E2E05304D00DE4AD4 /* Main.storyboard in Resources */ = {isa = PBXBuildFile; fileRef = AB0E935C2E05304D00DE4AD4 /* Main.storyboard */; };
		AB2D51A22E1E6339008DD59D /* spam_numbers.json in Resources */ = {isa = PBXBuildFile; fileRef = AB2D51A12E1E6339008DD59D /* spam_numbers.json */; };
		ABE70ED52DF8385A007519B8 /* Assets.xcassets in Resources */ = {isa = PBXBuildFile; fileRef = ABE70ECC2DF8385A007519B8 /* Assets.xcassets */; };
		ABE70ED72DF8385A007519B8 /* LaunchScreen.storyboard in Resources */ = {isa = PBXBuildFile; fileRef = ABE70ECE2DF8385A007519B8 /* LaunchScreen.storyboard */; };
		ABE70ED92DF8385A007519B8 /* AppDelegate.swift in Sources */ = {isa = PBXBuildFile; fileRef = ABE70ECB2DF8385A007519B8 /* AppDelegate.swift */; };
/* End PBXBuildFile section */

/* Begin PBXContainerItemProxy section */
		0D9073BF2DE0502D00ADA49E /* PBXContainerItemProxy */ = {
			isa = PBXContainerItemProxy;
			containerPortal = 0D9073852DE04FD400ADA49E /* Project object */;
			proxyType = 1;
			remoteGlobalIDString = 0D9073B92DE0502D00ADA49E;
			remoteInfo = CallDirectoryHandler;
		};
/* End PBXContainerItemProxy section */

/* Begin PBXCopyFilesBuildPhase section */
		0D9073C62DE0502D00ADA49E /* Embed Foundation Extensions */ = {
			isa = PBXCopyFilesBuildPhase;
			buildActionMask = 2147483647;
			dstPath = "";
			dstSubfolderSpec = 13;
			files = (
				0D9073C12DE0502D00ADA49E /* CallDirectoryHandler.appex in Embed Foundation Extensions */,
			);
			name = "Embed Foundation Extensions";
			runOnlyForDeploymentPostprocessing = 0;
		};
		0D9073DE2DE051F100ADA49E /* Embed ExtensionKit Extensions */ = {
			isa = PBXCopyFilesBuildPhase;
			buildActionMask = 2147483647;
			dstPath = "$(EXTENSIONS_FOLDER_PATH)";
			dstSubfolderSpec = 16;
			files = (
			);
			name = "Embed ExtensionKit Extensions";
			runOnlyForDeploymentPostprocessing = 0;
		};
/* End PBXCopyFilesBuildPhase section */

/* Begin PBXFileReference section */
		0D90738D2DE04FD400ADA49E /* SpamCallIdentifier.app */ = {isa = PBXFileReference; explicitFileType = wrapper.application; includeInIndex = 0; path = SpamCallIdentifier.app; sourceTree = BUILT_PRODUCTS_DIR; };
		0D9073BA2DE0502D00ADA49E /* CallDirectoryHandler.appex */ = {isa = PBXFileReference; explicitFileType = "wrapper.app-extension"; includeInIndex = 0; path = CallDirectoryHandler.appex; sourceTree = BUILT_PRODUCTS_DIR; };
		0D9073C72DE0503A00ADA49E /* CallDirectoryHandler.swift */ = {isa = PBXFileReference; lastKnownFileType = sourcecode.swift; path = CallDirectoryHandler.swift; sourceTree = "<group>"; };
		0D9073C82DE0503A00ADA49E /* Info.plist */ = {isa = PBXFileReference; lastKnownFileType = text.plist.xml; path = Info.plist; sourceTree = "<group>"; };
		0D9073CC2DE050FA00ADA49E /* CallDirectoryHandler.entitlements */ = {isa = PBXFileReference; lastKnownFileType = text.plist.entitlements; path = CallDirectoryHandler.entitlements; sourceTree = "<group>"; };
		AB0E93592E05253900DE4AD4 /* ViewController.swift */ = {isa = PBXFileReference; lastKnownFileType = sourcecode.swift; path = ViewController.swift; sourceTree = "<group>"; };
		AB0E935D2E05304D00DE4AD4 /* Base */ = {isa = PBXFileReference; lastKnownFileType = file.storyboard; name = Base; path = Main.storyboard; sourceTree = "<group>"; };
		AB2D51A12E1E6339008DD59D /* spam_numbers.json */ = {isa = PBXFileReference; lastKnownFileType = text.json; path = spam_numbers.json; sourceTree = "<group>"; };
		ABE70ECB2DF8385A007519B8 /* AppDelegate.swift */ = {isa = PBXFileReference; lastKnownFileType = sourcecode.swift; path = AppDelegate.swift; sourceTree = "<group>"; };
		ABE70ECC2DF8385A007519B8 /* Assets.xcassets */ = {isa = PBXFileReference; lastKnownFileType = folder.assetcatalog; path = Assets.xcassets; sourceTree = "<group>"; };
		ABE70ECD2DF8385A007519B8 /* Base */ = {isa = PBXFileReference; lastKnownFileType = file.storyboard; name = Base; path = LaunchScreen.storyboard; sourceTree = "<group>"; };
		ABE70ED22DF8385A007519B8 /* Info.plist */ = {isa = PBXFileReference; lastKnownFileType = text.plist.xml; path = Info.plist; sourceTree = "<group>"; };
		ABE70ED32DF8385A007519B8 /* SpamCallIdentifier.entitlements */ = {isa = PBXFileReference; lastKnownFileType = text.plist.entitlements; path = SpamCallIdentifier.entitlements; sourceTree = "<group>"; };
/* End PBXFileReference section */

/* Begin PBXFrameworksBuildPhase section */
		0D90738A2DE04FD400ADA49E /* Frameworks */ = {
			isa = PBXFrameworksBuildPhase;
			buildActionMask = 2147483647;
			files = (
			);
			runOnlyForDeploymentPostprocessing = 0;
		};
		0D9073B72DE0502D00ADA49E /* Frameworks */ = {
			isa = PBXFrameworksBuildPhase;
			buildActionMask = 2147483647;
			files = (
			);
			runOnlyForDeploymentPostprocessing = 0;
		};
/* End PBXFrameworksBuildPhase section */

/* Begin PBXGroup section */
		0D9073842DE04FD400ADA49E = {
			isa = PBXGroup;
			children = (
				0D9073AE2DE04FDB00ADA49E /* SpamCallIdentifier */,
				0D9073C92DE0503A00ADA49E /* CallDirectoryHandler */,
				0D90738E2DE04FD400ADA49E /* Products */,
			);
			sourceTree = "<group>";
		};
		0D90738E2DE04FD400ADA49E /* Products */ = {
			isa = PBXGroup;
			children = (
				0D90738D2DE04FD400ADA49E /* SpamCallIdentifier.app */,
				0D9073BA2DE0502D00ADA49E /* CallDirectoryHandler.appex */,
			);
			name = Products;
			sourceTree = "<group>";
		};
		0D9073AE2DE04FDB00ADA49E /* SpamCallIdentifier */ = {
			isa = PBXGroup;
			children = (
				ABE70ECB2DF8385A007519B8 /* AppDelegate.swift */,
				ABE70ECC2DF8385A007519B8 /* Assets.xcassets */,
				ABE70ED12DF8385A007519B8 /* Base.lproj */,
				ABE70ED22DF8385A007519B8 /* Info.plist */,
				ABE70ED32DF8385A007519B8 /* SpamCallIdentifier.entitlements */,
				AB2D51A12E1E6339008DD59D /* spam_numbers.json */,
				AB0E93592E05253900DE4AD4 /* ViewController.swift */,
			);
			path = SpamCallIdentifier;
			sourceTree = "<group>";
		};
		0D9073C92DE0503A00ADA49E /* CallDirectoryHandler */ = {
			isa = PBXGroup;
			children = (
				0D9073CC2DE050FA00ADA49E /* CallDirectoryHandler.entitlements */,
				0D9073C72DE0503A00ADA49E /* CallDirectoryHandler.swift */,
				0D9073C82DE0503A00ADA49E /* Info.plist */,
			);
			path = CallDirectoryHandler;
			sourceTree = "<group>";
		};
		ABE70ED12DF8385A007519B8 /* Base.lproj */ = {
			isa = PBXGroup;
			children = (
				ABE70ECE2DF8385A007519B8 /* LaunchScreen.storyboard */,
				AB0E935C2E05304D00DE4AD4 /* Main.storyboard */,
			);
			path = Base.lproj;
			sourceTree = "<group>";
		};
/* End PBXGroup section */

/* Begin PBXNativeTarget section */
		0D90738C2DE04FD400ADA49E /* SpamCallIdentifier */ = {
			isa = PBXNativeTarget;
			buildConfigurationList = 0D9073A02DE04FD600ADA49E /* Build configuration list for PBXNativeTarget "SpamCallIdentifier" */;
			buildPhases = (
				0D9073892DE04FD400ADA49E /* Sources */,
				0D90738A2DE04FD400ADA49E /* Frameworks */,
				0D90738B2DE04FD400ADA49E /* Resources */,
				0D9073C62DE0502D00ADA49E /* Embed Foundation Extensions */,
				0D9073DE2DE051F100ADA49E /* Embed ExtensionKit Extensions */,
			);
			buildRules = (
			);
			dependencies = (
				0D9073C02DE0502D00ADA49E /* PBXTargetDependency */,
			);
			name = SpamCallIdentifier;
			packageProductDependencies = (
			);
			productName = SpamCallIdentifier;
			productReference = 0D90738D2DE04FD400ADA49E /* SpamCallIdentifier.app */;
			productType = "com.apple.product-type.application";
		};
		0D9073B92DE0502D00ADA49E /* CallDirectoryHandler */ = {
			isa = PBXNativeTarget;
			buildConfigurationList = 0D9073C32DE0502D00ADA49E /* Build configuration list for PBXNativeTarget "CallDirectoryHandler" */;
			buildPhases = (
				0D9073B62DE0502D00ADA49E /* Sources */,
				0D9073B72DE0502D00ADA49E /* Frameworks */,
				0D9073B82DE0502D00ADA49E /* Resources */,
			);
			buildRules = (
			);
			dependencies = (
			);
			name = CallDirectoryHandler;
			packageProductDependencies = (
			);
			productName = CallDirectoryHandler;
			productReference = 0D9073BA2DE0502D00ADA49E /* CallDirectoryHandler.appex */;
			productType = "com.apple.product-type.app-extension";
		};
/* End PBXNativeTarget section */

/* Begin PBXProject section */
		0D9073852DE04FD400ADA49E /* Project object */ = {
			isa = PBXProject;
			attributes = {
				BuildIndependentTargetsInParallel = 1;
				LastSwiftUpdateCheck = 1630;
				LastUpgradeCheck = 1630;
				TargetAttributes = {
					0D90738C2DE04FD400ADA49E = {
						CreatedOnToolsVersion = 16.3;
					};
					0D9073B92DE0502D00ADA49E = {
						CreatedOnToolsVersion = 16.3;
					};
				};
			};
			buildConfigurationList = 0D9073882DE04FD400ADA49E /* Build configuration list for PBXProject "SpamCallIdentifier" */;
			compatibilityVersion = "Xcode 15.3";
			developmentRegion = en;
			hasScannedForEncodings = 0;
			knownRegions = (
				en,
				Base,
			);
			mainGroup = 0D9073842DE04FD400ADA49E;
			minimizedProjectReferenceProxies = 1;
			productRefGroup = 0D90738E2DE04FD400ADA49E /* Products */;
			projectDirPath = "";
			projectRoot = "";
			targets = (
				0D90738C2DE04FD400ADA49E /* SpamCallIdentifier */,
				0D9073B92DE0502D00ADA49E /* CallDirectoryHandler */,
			);
		};
/* End PBXProject section */

/* Begin PBXResourcesBuildPhase section */
		0D90738B2DE04FD400ADA49E /* Resources */ = {
			isa = PBXResourcesBuildPhase;
			buildActionMask = 2147483647;
			files = (
				AB2D51A22E1E6339008DD59D /* spam_numbers.json in Resources */,
				AB0E935E2E05304D00DE4AD4 /* Main.storyboard in Resources */,
				ABE70ED52DF8385A007519B8 /* Assets.xcassets in Resources */,
				ABE70ED72DF8385A007519B8 /* LaunchScreen.storyboard in Resources */,
			);
			runOnlyForDeploymentPostprocessing = 0;
		};
		0D9073B82DE0502D00ADA49E /* Resources */ = {
			isa = PBXResourcesBuildPhase;
			buildActionMask = 2147483647;
			files = (
			);
			runOnlyForDeploymentPostprocessing = 0;
		};
/* End PBXResourcesBuildPhase section */

/* Begin PBXSourcesBuildPhase section */
		0D9073892DE04FD400ADA49E /* Sources */ = {
			isa = PBXSourcesBuildPhase;
			buildActionMask = 2147483647;
			files = (
				AB0E935B2E0525CD00DE4AD4 /* ViewController.swift in Sources */,
				ABE70ED92DF8385A007519B8 /* AppDelegate.swift in Sources */,
			);
			runOnlyForDeploymentPostprocessing = 0;
		};
		0D9073B62DE0502D00ADA49E /* Sources */ = {
			isa = PBXSourcesBuildPhase;
			buildActionMask = 2147483647;
			files = (
				0D9073CA2DE0503A00ADA49E /* CallDirectoryHandler.swift in Sources */,
			);
			runOnlyForDeploymentPostprocessing = 0;
		};
/* End PBXSourcesBuildPhase section */

/* Begin PBXTargetDependency section */
		0D9073C02DE0502D00ADA49E /* PBXTargetDependency */ = {
			isa = PBXTargetDependency;
			target = 0D9073B92DE0502D00ADA49E /* CallDirectoryHandler */;
			targetProxy = 0D9073BF2DE0502D00ADA49E /* PBXContainerItemProxy */;
		};
/* End PBXTargetDependency section */

/* Begin PBXVariantGroup section */
		AB0E935C2E05304D00DE4AD4 /* Main.storyboard */ = {
			isa = PBXVariantGroup;
			children = (
				AB0E935D2E05304D00DE4AD4 /* Base */,
			);
			name = Main.storyboard;
			sourceTree = "<group>";
		};
		ABE70ECE2DF8385A007519B8 /* LaunchScreen.storyboard */ = {
			isa = PBXVariantGroup;
			children = (
				ABE70ECD2DF8385A007519B8 /* Base */,
			);
			name = LaunchScreen.storyboard;
			sourceTree = "<group>";
		};
/* End PBXVariantGroup section */

/* Begin XCBuildConfiguration section */
		0D9073A12DE04FD600ADA49E /* Debug */ = {
			isa = XCBuildConfiguration;
			buildSettings = {
				ASSETCATALOG_COMPILER_APPICON_NAME = AppIcon;
				ASSETCATALOG_COMPILER_GLOBAL_ACCENT_COLOR_NAME = AccentColor;
				CODE_SIGN_ENTITLEMENTS = SpamCallIdentifier/SpamCallIdentifier.entitlements;
				CODE_SIGN_STYLE = Automatic;
				CURRENT_PROJECT_VERSION = 1;
				DEVELOPMENT_TEAM = XB45D9TT4D;
				GENERATE_INFOPLIST_FILE = YES;
				INFOPLIST_FILE = SpamCallIdentifier/Info.plist;
				INFOPLIST_KEY_CFBundleDisplayName = "myIM3 Plus";
				INFOPLIST_KEY_UIApplicationSupportsIndirectInputEvents = YES;
				INFOPLIST_KEY_UILaunchStoryboardName = LaunchScreen;
				INFOPLIST_KEY_UIMainStoryboardFile = Main;
				INFOPLIST_KEY_UISupportedInterfaceOrientations = UIInterfaceOrientationPortrait;
				INFOPLIST_KEY_UISupportedInterfaceOrientations_iPad = "UIInterfaceOrientationLandscapeLeft UIInterfaceOrientationLandscapeRight UIInterfaceOrientationPortrait UIInterfaceOrientationPortraitUpsideDown";
				IPHONEOS_DEPLOYMENT_TARGET = 11;
				LD_RUNPATH_SEARCH_PATHS = (
					"$(inherited)",
					"@executable_path/Frameworks",
				);
				MARKETING_VERSION = 1.0;
				PRODUCT_BUNDLE_IDENTIFIER = com.imimobile.SpamCallIdentifier;
				PRODUCT_NAME = "$(TARGET_NAME)";
				SUPPORTED_PLATFORMS = "iphoneos iphonesimulator";
				SUPPORTS_MACCATALYST = NO;
				SUPPORTS_MAC_DESIGNED_FOR_IPHONE_IPAD = NO;
				SUPPORTS_XR_DESIGNED_FOR_IPHONE_IPAD = NO;
				SWIFT_EMIT_LOC_STRINGS = YES;
				SWIFT_VERSION = 5.0;
				TARGETED_DEVICE_FAMILY = 1;
			};
			name = Debug;
		};
		0D9073A22DE04FD600ADA49E /* Release */ = {
			isa = XCBuildConfiguration;
			buildSettings = {
				ASSETCATALOG_COMPILER_APPICON_NAME = AppIcon;
				ASSETCATALOG_COMPILER_GLOBAL_ACCENT_COLOR_NAME = AccentColor;
				CODE_SIGN_ENTITLEMENTS = SpamCallIdentifier/SpamCallIdentifier.entitlements;
				CODE_SIGN_STYLE = Automatic;
				CURRENT_PROJECT_VERSION = 1;
				DEVELOPMENT_TEAM = XB45D9TT4D;
				GENERATE_INFOPLIST_FILE = YES;
				INFOPLIST_FILE = SpamCallIdentifier/Info.plist;
				INFOPLIST_KEY_CFBundleDisplayName = "myIM3 Plus";
				INFOPLIST_KEY_UIApplicationSupportsIndirectInputEvents = YES;
				INFOPLIST_KEY_UILaunchStoryboardName = LaunchScreen;
				INFOPLIST_KEY_UIMainStoryboardFile = Main;
				INFOPLIST_KEY_UISupportedInterfaceOrientations = UIInterfaceOrientationPortrait;
				INFOPLIST_KEY_UISupportedInterfaceOrientations_iPad = "UIInterfaceOrientationLandscapeLeft UIInterfaceOrientationLandscapeRight UIInterfaceOrientationPortrait UIInterfaceOrientationPortraitUpsideDown";
				IPHONEOS_DEPLOYMENT_TARGET = 11;
				LD_RUNPATH_SEARCH_PATHS = (
					"$(inherited)",
					"@executable_path/Frameworks",
				);
				MARKETING_VERSION = 1.0;
				PRODUCT_BUNDLE_IDENTIFIER = com.imimobile.SpamCallIdentifier;
				PRODUCT_NAME = "$(TARGET_NAME)";
				SUPPORTED_PLATFORMS = "iphoneos iphonesimulator";
				SUPPORTS_MACCATALYST = NO;
				SUPPORTS_MAC_DESIGNED_FOR_IPHONE_IPAD = NO;
				SUPPORTS_XR_DESIGNED_FOR_IPHONE_IPAD = NO;
				SWIFT_EMIT_LOC_STRINGS = YES;
				SWIFT_VERSION = 5.0;
				TARGETED_DEVICE_FAMILY = 1;
			};
			name = Release;
		};
		0D9073A32DE04FD600ADA49E /* Debug */ = {
			isa = XCBuildConfiguration;
			buildSettings = {
				ALWAYS_SEARCH_USER_PATHS = NO;
				ASSETCATALOG_COMPILER_GENERATE_SWIFT_ASSET_SYMBOL_EXTENSIONS = YES;
				CLANG_ANALYZER_NONNULL = YES;
				CLANG_ANALYZER_NUMBER_OBJECT_CONVERSION = YES_AGGRESSIVE;
				CLANG_CXX_LANGUAGE_STANDARD = "gnu++20";
				CLANG_ENABLE_MODULES = YES;
				CLANG_ENABLE_OBJC_ARC = YES;
				CLANG_ENABLE_OBJC_WEAK = YES;
				CLANG_WARN_BLOCK_CAPTURE_AUTORELEASING = YES;
				CLANG_WARN_BOOL_CONVERSION = YES;
				CLANG_WARN_COMMA = YES;
				CLANG_WARN_CONSTANT_CONVERSION = YES;
				CLANG_WARN_DEPRECATED_OBJC_IMPLEMENTATIONS = YES;
				CLANG_WARN_DIRECT_OBJC_ISA_USAGE = YES_ERROR;
				CLANG_WARN_DOCUMENTATION_COMMENTS = YES;
				CLANG_WARN_EMPTY_BODY = YES;
				CLANG_WARN_ENUM_CONVERSION = YES;
				CLANG_WARN_INFINITE_RECURSION = YES;
				CLANG_WARN_INT_CONVERSION = YES;
				CLANG_WARN_NON_LITERAL_NULL_CONVERSION = YES;
				CLANG_WARN_OBJC_IMPLICIT_RETAIN_SELF = YES;
				CLANG_WARN_OBJC_LITERAL_CONVERSION = YES;
				CLANG_WARN_OBJC_ROOT_CLASS = YES_ERROR;
				CLANG_WARN_QUOTED_INCLUDE_IN_FRAMEWORK_HEADER = YES;
				CLANG_WARN_RANGE_LOOP_ANALYSIS = YES;
				CLANG_WARN_STRICT_PROTOTYPES = YES;
				CLANG_WARN_SUSPICIOUS_MOVE = YES;
				CLANG_WARN_UNGUARDED_AVAILABILITY = YES_AGGRESSIVE;
				CLANG_WARN_UNREACHABLE_CODE = YES;
				CLANG_WARN__DUPLICATE_METHOD_MATCH = YES;
				COPY_PHASE_STRIP = NO;
				DEBUG_INFORMATION_FORMAT = dwarf;
				DEVELOPMENT_TEAM = XB45D9TT4D;
				ENABLE_STRICT_OBJC_MSGSEND = YES;
				ENABLE_TESTABILITY = YES;
				ENABLE_USER_SCRIPT_SANDBOXING = YES;
				GCC_C_LANGUAGE_STANDARD = gnu17;
				GCC_DYNAMIC_NO_PIC = NO;
				GCC_NO_COMMON_BLOCKS = YES;
				GCC_OPTIMIZATION_LEVEL = 0;
				GCC_PREPROCESSOR_DEFINITIONS = (
					"DEBUG=1",
					"$(inherited)",
				);
				GCC_WARN_64_TO_32_BIT_CONVERSION = YES;
				GCC_WARN_ABOUT_RETURN_TYPE = YES_ERROR;
				GCC_WARN_UNDECLARED_SELECTOR = YES;
				GCC_WARN_UNINITIALIZED_AUTOS = YES_AGGRESSIVE;
				GCC_WARN_UNUSED_FUNCTION = YES;
				GCC_WARN_UNUSED_VARIABLE = YES;
				IPHONEOS_DEPLOYMENT_TARGET = 11;
				LOCALIZATION_PREFERS_STRING_CATALOGS = YES;
				MTL_ENABLE_DEBUG_INFO = INCLUDE_SOURCE;
				MTL_FAST_MATH = YES;
				ONLY_ACTIVE_ARCH = YES;
				SDKROOT = iphoneos;
				SWIFT_ACTIVE_COMPILATION_CONDITIONS = "DEBUG $(inherited)";
				SWIFT_OPTIMIZATION_LEVEL = "-Onone";
			};
			name = Debug;
		};
		0D9073A42DE04FD600ADA49E /* Release */ = {
			isa = XCBuildConfiguration;
			buildSettings = {
				ALWAYS_SEARCH_USER_PATHS = NO;
				ASSETCATALOG_COMPILER_GENERATE_SWIFT_ASSET_SYMBOL_EXTENSIONS = YES;
				CLANG_ANALYZER_NONNULL = YES;
				CLANG_ANALYZER_NUMBER_OBJECT_CONVERSION = YES_AGGRESSIVE;
				CLANG_CXX_LANGUAGE_STANDARD = "gnu++20";
				CLANG_ENABLE_MODULES = YES;
				CLANG_ENABLE_OBJC_ARC = YES;
				CLANG_ENABLE_OBJC_WEAK = YES;
				CLANG_WARN_BLOCK_CAPTURE_AUTORELEASING = YES;
				CLANG_WARN_BOOL_CONVERSION = YES;
				CLANG_WARN_COMMA = YES;
				CLANG_WARN_CONSTANT_CONVERSION = YES;
				CLANG_WARN_DEPRECATED_OBJC_IMPLEMENTATIONS = YES;
				CLANG_WARN_DIRECT_OBJC_ISA_USAGE = YES_ERROR;
				CLANG_WARN_DOCUMENTATION_COMMENTS = YES;
				CLANG_WARN_EMPTY_BODY = YES;
				CLANG_WARN_ENUM_CONVERSION = YES;
				CLANG_WARN_INFINITE_RECURSION = YES;
				CLANG_WARN_INT_CONVERSION = YES;
				CLANG_WARN_NON_LITERAL_NULL_CONVERSION = YES;
				CLANG_WARN_OBJC_IMPLICIT_RETAIN_SELF = YES;
				CLANG_WARN_OBJC_LITERAL_CONVERSION = YES;
				CLANG_WARN_OBJC_ROOT_CLASS = YES_ERROR;
				CLANG_WARN_QUOTED_INCLUDE_IN_FRAMEWORK_HEADER = YES;
				CLANG_WARN_RANGE_LOOP_ANALYSIS = YES;
				CLANG_WARN_STRICT_PROTOTYPES = YES;
				CLANG_WARN_SUSPICIOUS_MOVE = YES;
				CLANG_WARN_UNGUARDED_AVAILABILITY = YES_AGGRESSIVE;
				CLANG_WARN_UNREACHABLE_CODE = YES;
				CLANG_WARN__DUPLICATE_METHOD_MATCH = YES;
				COPY_PHASE_STRIP = NO;
				DEBUG_INFORMATION_FORMAT = "dwarf-with-dsym";
				DEVELOPMENT_TEAM = XB45D9TT4D;
				ENABLE_NS_ASSERTIONS = NO;
				ENABLE_STRICT_OBJC_MSGSEND = YES;
				ENABLE_USER_SCRIPT_SANDBOXING = YES;
				GCC_C_LANGUAGE_STANDARD = gnu17;
				GCC_NO_COMMON_BLOCKS = YES;
				GCC_WARN_64_TO_32_BIT_CONVERSION = YES;
				GCC_WARN_ABOUT_RETURN_TYPE = YES_ERROR;
				GCC_WARN_UNDECLARED_SELECTOR = YES;
				GCC_WARN_UNINITIALIZED_AUTOS = YES_AGGRESSIVE;
				GCC_WARN_UNUSED_FUNCTION = YES;
				GCC_WARN_UNUSED_VARIABLE = YES;
				IPHONEOS_DEPLOYMENT_TARGET = 11;
				LOCALIZATION_PREFERS_STRING_CATALOGS = YES;
				MTL_ENABLE_DEBUG_INFO = NO;
				MTL_FAST_MATH = YES;
				SDKROOT = iphoneos;
				SWIFT_COMPILATION_MODE = wholemodule;
				VALIDATE_PRODUCT = YES;
			};
			name = Release;
		};
		0D9073C42DE0502D00ADA49E /* Debug */ = {
			isa = XCBuildConfiguration;
			buildSettings = {
				ARCHS = "$(ARCHS_STANDARD_64_BIT)";
				CODE_SIGN_ENTITLEMENTS = CallDirectoryHandler/CallDirectoryHandler.entitlements;
				CODE_SIGN_STYLE = Automatic;
				CURRENT_PROJECT_VERSION = 1;
				DEVELOPMENT_TEAM = XB45D9TT4D;
				GENERATE_INFOPLIST_FILE = YES;
				INFOPLIST_FILE = CallDirectoryHandler/Info.plist;
				INFOPLIST_KEY_CFBundleDisplayName = "Part 1";
				INFOPLIST_KEY_NSHumanReadableCopyright = "";
				IPHONEOS_DEPLOYMENT_TARGET = 12;
				LD_RUNPATH_SEARCH_PATHS = (
					"$(inherited)",
					"@executable_path/Frameworks",
					"@executable_path/../../Frameworks",
				);
				MARKETING_VERSION = 1.0;
				PRODUCT_BUNDLE_IDENTIFIER = com.imimobile.SpamCallIdentifier.CallDirectoryHandler;
				PRODUCT_NAME = "$(TARGET_NAME)";
				SKIP_INSTALL = YES;
				SUPPORTED_PLATFORMS = "iphoneos iphonesimulator";
				SUPPORTS_MACCATALYST = NO;
				SUPPORTS_MAC_DESIGNED_FOR_IPHONE_IPAD = NO;
				SUPPORTS_XR_DESIGNED_FOR_IPHONE_IPAD = NO;
				SWIFT_EMIT_LOC_STRINGS = YES;
				SWIFT_VERSION = 5.0;
				TARGETED_DEVICE_FAMILY = "1,2";
			};
			name = Debug;
		};
		0D9073C52DE0502D00ADA49E /* Release */ = {
			isa = XCBuildConfiguration;
			buildSettings = {
				ARCHS = "$(ARCHS_STANDARD_64_BIT)";
				CODE_SIGN_ENTITLEMENTS = CallDirectoryHandler/CallDirectoryHandler.entitlements;
				CODE_SIGN_STYLE = Automatic;
				CURRENT_PROJECT_VERSION = 1;
				DEVELOPMENT_TEAM = XB45D9TT4D;
				GENERATE_INFOPLIST_FILE = YES;
				INFOPLIST_FILE = CallDirectoryHandler/Info.plist;
				INFOPLIST_KEY_CFBundleDisplayName = "Part 1";
				INFOPLIST_KEY_NSHumanReadableCopyright = "";
				IPHONEOS_DEPLOYMENT_TARGET = 12;
				LD_RUNPATH_SEARCH_PATHS = (
					"$(inherited)",
					"@executable_path/Frameworks",
					"@executable_path/../../Frameworks",
				);
				MARKETING_VERSION = 1.0;
				PRODUCT_BUNDLE_IDENTIFIER = com.imimobile.SpamCallIdentifier.CallDirectoryHandler;
				PRODUCT_NAME = "$(TARGET_NAME)";
				SKIP_INSTALL = YES;
				SUPPORTED_PLATFORMS = "iphoneos iphonesimulator";
				SUPPORTS_MACCATALYST = NO;
				SUPPORTS_MAC_DESIGNED_FOR_IPHONE_IPAD = NO;
				SUPPORTS_XR_DESIGNED_FOR_IPHONE_IPAD = NO;
				SWIFT_EMIT_LOC_STRINGS = YES;
				SWIFT_VERSION = 5.0;
				TARGETED_DEVICE_FAMILY = "1,2";
			};
			name = Release;
		};
/* End XCBuildConfiguration section */

/* Begin XCConfigurationList section */
		0D9073882DE04FD400ADA49E /* Build configuration list for PBXProject "SpamCallIdentifier" */ = {
			isa = XCConfigurationList;
			buildConfigurations = (
				0D9073A32DE04FD600ADA49E /* Debug */,
				0D9073A42DE04FD600ADA49E /* Release */,
			);
			defaultConfigurationIsVisible = 0;
			defaultConfigurationName = Release;
		};
		0D9073A02DE04FD600ADA49E /* Build configuration list for PBXNativeTarget "SpamCallIdentifier" */ = {
			isa = XCConfigurationList;
			buildConfigurations = (
				0D9073A12DE04FD600ADA49E /* Debug */,
				0D9073A22DE04FD600ADA49E /* Release */,
			);
			defaultConfigurationIsVisible = 0;
			defaultConfigurationName = Release;
		};
		0D9073C32DE0502D00ADA49E /* Build configuration list for PBXNativeTarget "CallDirectoryHandler" */ = {
			isa = XCConfigurationList;
			buildConfigurations = (
				0D9073C42DE0502D00ADA49E /* Debug */,
				0D9073C52DE0502D00ADA49E /* Release */,
			);
			defaultConfigurationIsVisible = 0;
			defaultConfigurationName = Release;
		};
/* End XCConfigurationList section */
	};
	rootObject = 0D9073852DE04FD400ADA49E /* Project object */;
}
